
Microsoft Visual Studio Solution File, Format Version 12.00
# Visual Studio Version 16
VisualStudioVersion = 16.0.30413.136
MinimumVisualStudioVersion = 10.0.40219.1
Project("{FAE04EC0-301F-11D3-BF4B-00C04F79EFBC}") = "FlowControl", "FlowControl\FlowControl.csproj", "{B4F1D0C5-4DC3-4B2E-9045-8B2195BA5EC9}"
EndProject
Global
	GlobalSection(SolutionConfigurationPlatforms) = preSolution
		Debug|Any CPU = Debug|Any CPU
		Release|Any CPU = Release|Any CPU
	EndGlobalSection
	GlobalSection(ProjectConfigurationPlatforms) = postSolution
		{B4F1D0C5-4DC3-4B2E-9045-8B2195BA5EC9}.Debug|Any CPU.ActiveCfg = Debug|Any CPU
		{B4F1D0C5-4DC3-4B2E-9045-8B2195BA5EC9}.Debug|Any CPU.Build.0 = Debug|Any CPU
		{B4F1D0C5-4DC3-4B2E-9045-8B2195BA5EC9}.Release|Any CPU.ActiveCfg = Release|Any CPU
		{B4F1D0C5-4DC3-4B2E-9045-8B2195BA5EC9}.Release|Any CPU.Build.0 = Release|Any CPU
	EndGlobalSection
	GlobalSection(SolutionProperties) = preSolution
		HideSolutionNode = FALSE
	EndGlobalSection
	GlobalSection(ExtensibilityGlobals) = postSolution
		SolutionGuid = {54133C95-11C4-4027-B574-AD256E18A759}
	EndGlobalSection
EndGlobal
